// !$*UTF8*$!
{
	archiveVersion = 1;
	classes = {
	};
	objectVersion = 46;
	objects = {

/* Begin PBXBuildFile section */
		21DE32F81A5E00D7009FB228 /* AppDelegate.swift in Sources */ = {isa = PBXBuildFile; fileRef = 21DE32F71A5E00D7009FB228 /* AppDelegate.swift */; };
		21DE32FC1A5E00D7009FB228 /* Images.xcassets in Resources */ = {isa = PBXBuildFile; fileRef = 21DE32FB1A5E00D7009FB228 /* Images.xcassets */; };
		962A8E961DD7BDEE005F12BE /* Spotify.swift in Sources */ = {isa = PBXBuildFile; fileRef = 962A8E941DD7BDEE005F12BE /* Spotify.swift */; };
		962A8E9A1DD7C105005F12BE /* Constants.swift in Sources */ = {isa = PBXBuildFile; fileRef = 962A8E991DD7C105005F12BE /* Constants.swift */; };
		9661505D1DD7B43700F2F335 /* LaunchAtLogin.swift in Sources */ = {isa = PBXBuildFile; fileRef = 9661505C1DD7B43700F2F335 /* LaunchAtLogin.swift */; };
		9661505E1DD7BA4200F2F335 /* MASShortcut.framework in Frameworks */ = {isa = PBXBuildFile; fileRef = 9698AFD01DD7924100544466 /* MASShortcut.framework */; };
		9661505F1DD7BA4200F2F335 /* MASShortcut.framework in Embed Frameworks */ = {isa = PBXBuildFile; fileRef = 9698AFD01DD7924100544466 /* MASShortcut.framework */; settings = {ATTRIBUTES = (CodeSignOnCopy, RemoveHeadersOnCopy, ); }; };
		969A18161DD7E04600757BC3 /* MainMenu.xib in Resources */ = {isa = PBXBuildFile; fileRef = 969A18151DD7E04600757BC3 /* MainMenu.xib */; };
		96A16C9B1DD7E360007ED3A9 /* UserDefaults.plist in Resources */ = {isa = PBXBuildFile; fileRef = 96A16C9A1DD7E360007ED3A9 /* UserDefaults.plist */; };
		96A16CAA1DD7E3B5007ED3A9 /* status_bar_black.tiff in Resources */ = {isa = PBXBuildFile; fileRef = 96A16CA61DD7E3B5007ED3A9 /* status_bar_black.tiff */; };
		96A16CAB1DD7E3B5007ED3A9 /* status_bar_black@2x.tiff in Resources */ = {isa = PBXBuildFile; fileRef = 96A16CA71DD7E3B5007ED3A9 /* status_bar_black@2x.tiff */; };
		96A16CAC1DD7E3B5007ED3A9 /* status_bar_colour.tiff in Resources */ = {isa = PBXBuildFile; fileRef = 96A16CA81DD7E3B5007ED3A9 /* status_bar_colour.tiff */; };
		96A16CAD1DD7E3B5007ED3A9 /* status_bar_colour@2x.tiff in Resources */ = {isa = PBXBuildFile; fileRef = 96A16CA91DD7E3B5007ED3A9 /* status_bar_colour@2x.tiff */; };
		96B3DA421DD791A10081B59D /* ScriptingBridge.framework in Frameworks */ = {isa = PBXBuildFile; fileRef = 96B3DA411DD791A10081B59D /* ScriptingBridge.framework */; };
		96B3DA441DD791A80081B59D /* Cocoa.framework in Frameworks */ = {isa = PBXBuildFile; fileRef = 96B3DA431DD791A80081B59D /* Cocoa.framework */; };
		96B3DA461DD791AC0081B59D /* Carbon.framework in Frameworks */ = {isa = PBXBuildFile; fileRef = 96B3DA451DD791AC0081B59D /* Carbon.framework */; };
		96F5000C1E19D3D10015E802 /* AboutPreferencesController.swift in Sources */ = {isa = PBXBuildFile; fileRef = 96F5000B1E19D3D10015E802 /* AboutPreferencesController.swift */; };
/* End PBXBuildFile section */

/* Begin PBXContainerItemProxy section */
		966150601DD7BA4200F2F335 /* PBXContainerItemProxy */ = {
			isa = PBXContainerItemProxy;
			containerPortal = 9698AFC91DD7924100544466 /* MASShortcut.xcodeproj */;
			proxyType = 1;
			remoteGlobalIDString = 0D827CD21990D4420010B8EF;
			remoteInfo = MASShortcut;
		};
		9698AFCF1DD7924100544466 /* PBXContainerItemProxy */ = {
			isa = PBXContainerItemProxy;
			containerPortal = 9698AFC91DD7924100544466 /* MASShortcut.xcodeproj */;
			proxyType = 2;
			remoteGlobalIDString = 0D827CD31990D4420010B8EF;
			remoteInfo = MASShortcut;
		};
		9698AFD11DD7924100544466 /* PBXContainerItemProxy */ = {
			isa = PBXContainerItemProxy;
			containerPortal = 9698AFC91DD7924100544466 /* MASShortcut.xcodeproj */;
			proxyType = 2;
			remoteGlobalIDString = 0D827D8319910AFF0010B8EF;
			remoteInfo = MASShortcutTests;
		};
		9698AFD31DD7924100544466 /* PBXContainerItemProxy */ = {
			isa = PBXContainerItemProxy;
			containerPortal = 9698AFC91DD7924100544466 /* MASShortcut.xcodeproj */;
			proxyType = 2;
			remoteGlobalIDString = 0D827D371990D5E70010B8EF;
			remoteInfo = Demo;
		};
/* End PBXContainerItemProxy section */

/* Begin PBXCopyFilesBuildPhase section */
		966150621DD7BA4200F2F335 /* Embed Frameworks */ = {
			isa = PBXCopyFilesBuildPhase;
			buildActionMask = 2147483647;
			dstPath = "";
			dstSubfolderSpec = 10;
			files = (
				9661505F1DD7BA4200F2F335 /* MASShortcut.framework in Embed Frameworks */,
			);
			name = "Embed Frameworks";
			runOnlyForDeploymentPostprocessing = 0;
		};
/* End PBXCopyFilesBuildPhase section */

/* Begin PBXFileReference section */
		21DE32F21A5E00D7009FB228 /* Spotify Notifications.app */ = {isa = PBXFileReference; explicitFileType = wrapper.application; includeInIndex = 0; path = "Spotify Notifications.app"; sourceTree = BUILT_PRODUCTS_DIR; };
		21DE32F61A5E00D7009FB228 /* Info.plist */ = {isa = PBXFileReference; lastKnownFileType = text.plist.xml; path = Info.plist; sourceTree = "<group>"; };
		21DE32F71A5E00D7009FB228 /* AppDelegate.swift */ = {isa = PBXFileReference; indentWidth = 3; lastKnownFileType = sourcecode.swift; path = AppDelegate.swift; sourceTree = "<group>"; };
		21DE32FB1A5E00D7009FB228 /* Images.xcassets */ = {isa = PBXFileReference; lastKnownFileType = folder.assetcatalog; path = Images.xcassets; sourceTree = "<group>"; };
		962A8E941DD7BDEE005F12BE /* Spotify.swift */ = {isa = PBXFileReference; fileEncoding = 4; lastKnownFileType = sourcecode.swift; path = Spotify.swift; sourceTree = "<group>"; };
		962A8E991DD7C105005F12BE /* Constants.swift */ = {isa = PBXFileReference; fileEncoding = 4; lastKnownFileType = sourcecode.swift; path = Constants.swift; sourceTree = "<group>"; };
		9661505C1DD7B43700F2F335 /* LaunchAtLogin.swift */ = {isa = PBXFileReference; fileEncoding = 4; lastKnownFileType = sourcecode.swift; path = LaunchAtLogin.swift; sourceTree = "<group>"; };
		9698AFC91DD7924100544466 /* MASShortcut.xcodeproj */ = {isa = PBXFileReference; lastKnownFileType = "wrapper.pb-project"; name = MASShortcut.xcodeproj; path = "Spotify Notifications/MASShortcut/MASShortcut.xcodeproj"; sourceTree = "<group>"; };
		969A18151DD7E04600757BC3 /* MainMenu.xib */ = {isa = PBXFileReference; fileEncoding = 4; lastKnownFileType = file.xib; path = MainMenu.xib; sourceTree = "<group>"; };
		969C08E81E1A8053003C5107 /* IOKit.framework */ = {isa = PBXFileReference; lastKnownFileType = wrapper.framework; name = IOKit.framework; path = System/Library/Frameworks/IOKit.framework; sourceTree = SDKROOT; };
		96A16C9A1DD7E360007ED3A9 /* UserDefaults.plist */ = {isa = PBXFileReference; fileEncoding = 4; lastKnownFileType = text.plist.xml; path = UserDefaults.plist; sourceTree = "<group>"; };
		96A16CA61DD7E3B5007ED3A9 /* status_bar_black.tiff */ = {isa = PBXFileReference; lastKnownFileType = image.tiff; path = status_bar_black.tiff; sourceTree = "<group>"; };
		96A16CA71DD7E3B5007ED3A9 /* status_bar_black@2x.tiff */ = {isa = PBXFileReference; lastKnownFileType = image.tiff; path = "status_bar_black@2x.tiff"; sourceTree = "<group>"; };
		96A16CA81DD7E3B5007ED3A9 /* status_bar_colour.tiff */ = {isa = PBXFileReference; lastKnownFileType = image.tiff; path = status_bar_colour.tiff; sourceTree = "<group>"; };
		96A16CA91DD7E3B5007ED3A9 /* status_bar_colour@2x.tiff */ = {isa = PBXFileReference; lastKnownFileType = image.tiff; path = "status_bar_colour@2x.tiff"; sourceTree = "<group>"; };
		96B3DA411DD791A10081B59D /* ScriptingBridge.framework */ = {isa = PBXFileReference; lastKnownFileType = wrapper.framework; name = ScriptingBridge.framework; path = System/Library/Frameworks/ScriptingBridge.framework; sourceTree = SDKROOT; };
		96B3DA431DD791A80081B59D /* Cocoa.framework */ = {isa = PBXFileReference; lastKnownFileType = wrapper.framework; name = Cocoa.framework; path = System/Library/Frameworks/Cocoa.framework; sourceTree = SDKROOT; };
		96B3DA451DD791AC0081B59D /* Carbon.framework */ = {isa = PBXFileReference; lastKnownFileType = wrapper.framework; name = Carbon.framework; path = System/Library/Frameworks/Carbon.framework; sourceTree = SDKROOT; };
		96F5000B1E19D3D10015E802 /* AboutPreferencesController.swift */ = {isa = PBXFileReference; fileEncoding = 4; lastKnownFileType = sourcecode.swift; path = AboutPreferencesController.swift; sourceTree = "<group>"; };
/* End PBXFileReference section */

/* Begin PBXFrameworksBuildPhase section */
		21DE32EF1A5E00D7009FB228 /* Frameworks */ = {
			isa = PBXFrameworksBuildPhase;
			buildActionMask = 2147483647;
			files = (
				96B3DA461DD791AC0081B59D /* Carbon.framework in Frameworks */,
				96B3DA441DD791A80081B59D /* Cocoa.framework in Frameworks */,
				9661505E1DD7BA4200F2F335 /* MASShortcut.framework in Frameworks */,
				96B3DA421DD791A10081B59D /* ScriptingBridge.framework in Frameworks */,
			);
			runOnlyForDeploymentPostprocessing = 0;
		};
/* End PBXFrameworksBuildPhase section */

/* Begin PBXGroup section */
		21DE32E91A5E00D7009FB228 = {
			isa = PBXGroup;
			children = (
				9698AFC91DD7924100544466 /* MASShortcut.xcodeproj */,
				21DE32F41A5E00D7009FB228 /* Spotify Notifications */,
				21DE32F31A5E00D7009FB228 /* Products */,
				968B7063D7B6C7F6862E77CB /* Frameworks */,
			);
			sourceTree = "<group>";
		};
		21DE32F31A5E00D7009FB228 /* Products */ = {
			isa = PBXGroup;
			children = (
				21DE32F21A5E00D7009FB228 /* Spotify Notifications.app */,
			);
			name = Products;
			sourceTree = "<group>";
		};
		21DE32F41A5E00D7009FB228 /* Spotify Notifications */ = {
			isa = PBXGroup;
			children = (
				96A16CA51DD7E3B5007ED3A9 /* Status Bar Images */,
				962A8E941DD7BDEE005F12BE /* Spotify.swift */,
				962A8E991DD7C105005F12BE /* Constants.swift */,
				21DE32F71A5E00D7009FB228 /* AppDelegate.swift */,
				96F5000B1E19D3D10015E802 /* AboutPreferencesController.swift */,
				9661505C1DD7B43700F2F335 /* LaunchAtLogin.swift */,
				969A18151DD7E04600757BC3 /* MainMenu.xib */,
				21DE32FB1A5E00D7009FB228 /* Images.xcassets */,
				21DE32F51A5E00D7009FB228 /* Supporting Files */,
			);
			path = "Spotify Notifications";
			sourceTree = "<group>";
		};
		21DE32F51A5E00D7009FB228 /* Supporting Files */ = {
			isa = PBXGroup;
			children = (
				96A16C9A1DD7E360007ED3A9 /* UserDefaults.plist */,
				21DE32F61A5E00D7009FB228 /* Info.plist */,
			);
			name = "Supporting Files";
			sourceTree = "<group>";
		};
		968B7063D7B6C7F6862E77CB /* Frameworks */ = {
			isa = PBXGroup;
			children = (
				969C08E81E1A8053003C5107 /* IOKit.framework */,
				96B3DA451DD791AC0081B59D /* Carbon.framework */,
				96B3DA431DD791A80081B59D /* Cocoa.framework */,
				96B3DA411DD791A10081B59D /* ScriptingBridge.framework */,
			);
			name = Frameworks;
			sourceTree = "<group>";
		};
		9698AFCA1DD7924100544466 /* Products */ = {
			isa = PBXGroup;
			children = (
				9698AFD01DD7924100544466 /* MASShortcut.framework */,
				9698AFD21DD7924100544466 /* MASShortcutTests.xctest */,
				9698AFD41DD7924100544466 /* Demo.app */,
			);
			name = Products;
			sourceTree = "<group>";
		};
		96A16CA51DD7E3B5007ED3A9 /* Status Bar Images */ = {
			isa = PBXGroup;
			children = (
				96A16CA61DD7E3B5007ED3A9 /* status_bar_black.tiff */,
				96A16CA71DD7E3B5007ED3A9 /* status_bar_black@2x.tiff */,
				96A16CA81DD7E3B5007ED3A9 /* status_bar_colour.tiff */,
				96A16CA91DD7E3B5007ED3A9 /* status_bar_colour@2x.tiff */,
			);
			path = "Status Bar Images";
			sourceTree = "<group>";
		};
/* End PBXGroup section */

/* Begin PBXNativeTarget section */
		21DE32F11A5E00D7009FB228 /* Spotify Notifications */ = {
			isa = PBXNativeTarget;
			buildConfigurationList = 21DE330E1A5E00D7009FB228 /* Build configuration list for PBXNativeTarget "Spotify Notifications" */;
			buildPhases = (
				21DE32EE1A5E00D7009FB228 /* Sources */,
				21DE32EF1A5E00D7009FB228 /* Frameworks */,
				21DE32F01A5E00D7009FB228 /* Resources */,
				966150621DD7BA4200F2F335 /* Embed Frameworks */,
			);
			buildRules = (
			);
			dependencies = (
				966150611DD7BA4200F2F335 /* PBXTargetDependency */,
			);
			name = "Spotify Notifications";
			productName = "Spotify Notifications";
			productReference = 21DE32F21A5E00D7009FB228 /* Spotify Notifications.app */;
			productType = "com.apple.product-type.application";
		};
/* End PBXNativeTarget section */

/* Begin PBXProject section */
		21DE32EA1A5E00D7009FB228 /* Project object */ = {
			isa = PBXProject;
			attributes = {
				LastUpgradeCheck = 0810;
				ORGANIZATIONNAME = citruspi;
				TargetAttributes = {
					21DE32F11A5E00D7009FB228 = {
						CreatedOnToolsVersion = 6.1.1;
						LastSwiftMigration = 0810;
					};
				};
			};
			buildConfigurationList = 21DE32ED1A5E00D7009FB228 /* Build configuration list for PBXProject "Spotify Notifications" */;
			compatibilityVersion = "Xcode 3.2";
			developmentRegion = English;
			hasScannedForEncodings = 0;
			knownRegions = (
				en,
				Base,
			);
			mainGroup = 21DE32E91A5E00D7009FB228;
			productRefGroup = 21DE32F31A5E00D7009FB228 /* Products */;
			projectDirPath = "";
			projectReferences = (
				{
					ProductGroup = 9698AFCA1DD7924100544466 /* Products */;
					ProjectRef = 9698AFC91DD7924100544466 /* MASShortcut.xcodeproj */;
				},
			);
			projectRoot = "";
			targets = (
				21DE32F11A5E00D7009FB228 /* Spotify Notifications */,
			);
		};
/* End PBXProject section */

/* Begin PBXReferenceProxy section */
		9698AFD01DD7924100544466 /* MASShortcut.framework */ = {
			isa = PBXReferenceProxy;
			fileType = wrapper.framework;
			path = MASShortcut.framework;
			remoteRef = 9698AFCF1DD7924100544466 /* PBXContainerItemProxy */;
			sourceTree = BUILT_PRODUCTS_DIR;
		};
		9698AFD21DD7924100544466 /* MASShortcutTests.xctest */ = {
			isa = PBXReferenceProxy;
			fileType = wrapper.cfbundle;
			path = MASShortcutTests.xctest;
			remoteRef = 9698AFD11DD7924100544466 /* PBXContainerItemProxy */;
			sourceTree = BUILT_PRODUCTS_DIR;
		};
		9698AFD41DD7924100544466 /* Demo.app */ = {
			isa = PBXReferenceProxy;
			fileType = wrapper.application;
			path = Demo.app;
			remoteRef = 9698AFD31DD7924100544466 /* PBXContainerItemProxy */;
			sourceTree = BUILT_PRODUCTS_DIR;
		};
/* End PBXReferenceProxy section */

/* Begin PBXResourcesBuildPhase section */
		21DE32F01A5E00D7009FB228 /* Resources */ = {
			isa = PBXResourcesBuildPhase;
			buildActionMask = 2147483647;
			files = (
				96A16CAC1DD7E3B5007ED3A9 /* status_bar_colour.tiff in Resources */,
				96A16CAA1DD7E3B5007ED3A9 /* status_bar_black.tiff in Resources */,
				21DE32FC1A5E00D7009FB228 /* Images.xcassets in Resources */,
				96A16C9B1DD7E360007ED3A9 /* UserDefaults.plist in Resources */,
				96A16CAD1DD7E3B5007ED3A9 /* status_bar_colour@2x.tiff in Resources */,
				96A16CAB1DD7E3B5007ED3A9 /* status_bar_black@2x.tiff in Resources */,
				969A18161DD7E04600757BC3 /* MainMenu.xib in Resources */,
			);
			runOnlyForDeploymentPostprocessing = 0;
		};
/* End PBXResourcesBuildPhase section */

/* Begin PBXSourcesBuildPhase section */
		21DE32EE1A5E00D7009FB228 /* Sources */ = {
			isa = PBXSourcesBuildPhase;
			buildActionMask = 2147483647;
			files = (
				9661505D1DD7B43700F2F335 /* LaunchAtLogin.swift in Sources */,
				96F5000C1E19D3D10015E802 /* AboutPreferencesController.swift in Sources */,
				962A8E961DD7BDEE005F12BE /* Spotify.swift in Sources */,
				21DE32F81A5E00D7009FB228 /* AppDelegate.swift in Sources */,
				962A8E9A1DD7C105005F12BE /* Constants.swift in Sources */,
			);
			runOnlyForDeploymentPostprocessing = 0;
		};
/* End PBXSourcesBuildPhase section */

/* Begin PBXTargetDependency section */
		966150611DD7BA4200F2F335 /* PBXTargetDependency */ = {
			isa = PBXTargetDependency;
			name = MASShortcut;
			targetProxy = 966150601DD7BA4200F2F335 /* PBXContainerItemProxy */;
		};
/* End PBXTargetDependency section */

/* Begin XCBuildConfiguration section */
		21DE330C1A5E00D7009FB228 /* Debug */ = {
			isa = XCBuildConfiguration;
			buildSettings = {
				ALWAYS_SEARCH_USER_PATHS = NO;
				CLANG_CXX_LANGUAGE_STANDARD = "gnu++0x";
				CLANG_CXX_LIBRARY = "libc++";
				CLANG_ENABLE_MODULES = YES;
				CLANG_ENABLE_OBJC_ARC = YES;
				CLANG_WARN_BOOL_CONVERSION = YES;
				CLANG_WARN_CONSTANT_CONVERSION = YES;
				CLANG_WARN_DIRECT_OBJC_ISA_USAGE = YES_ERROR;
				CLANG_WARN_EMPTY_BODY = YES;
				CLANG_WARN_ENUM_CONVERSION = YES;
				CLANG_WARN_INFINITE_RECURSION = YES;
				CLANG_WARN_INT_CONVERSION = YES;
				CLANG_WARN_OBJC_ROOT_CLASS = YES_ERROR;
				CLANG_WARN_SUSPICIOUS_MOVE = YES;
				CLANG_WARN_UNREACHABLE_CODE = YES;
				CLANG_WARN__DUPLICATE_METHOD_MATCH = YES;
				CODE_SIGN_IDENTITY = "-";
				COPY_PHASE_STRIP = NO;
				ENABLE_STRICT_OBJC_MSGSEND = YES;
				ENABLE_TESTABILITY = YES;
				GCC_C_LANGUAGE_STANDARD = gnu99;
				GCC_DYNAMIC_NO_PIC = NO;
				GCC_NO_COMMON_BLOCKS = YES;
				GCC_OPTIMIZATION_LEVEL = 0;
				GCC_PREPROCESSOR_DEFINITIONS = (
					"DEBUG=1",
					"$(inherited)",
				);
				GCC_SYMBOLS_PRIVATE_EXTERN = NO;
				GCC_WARN_64_TO_32_BIT_CONVERSION = YES;
				GCC_WARN_ABOUT_RETURN_TYPE = YES_ERROR;
				GCC_WARN_UNDECLARED_SELECTOR = YES;
				GCC_WARN_UNINITIALIZED_AUTOS = YES_AGGRESSIVE;
				GCC_WARN_UNUSED_FUNCTION = YES;
				GCC_WARN_UNUSED_VARIABLE = YES;
				MACOSX_DEPLOYMENT_TARGET = 10.10;
				MTL_ENABLE_DEBUG_INFO = YES;
				ONLY_ACTIVE_ARCH = YES;
				SDKROOT = macosx;
				SWIFT_OPTIMIZATION_LEVEL = "-Onone";
			};
			name = Debug;
		};
		21DE330D1A5E00D7009FB228 /* Release */ = {
			isa = XCBuildConfiguration;
			buildSettings = {
				ALWAYS_SEARCH_USER_PATHS = NO;
				CLANG_CXX_LANGUAGE_STANDARD = "gnu++0x";
				CLANG_CXX_LIBRARY = "libc++";
				CLANG_ENABLE_MODULES = YES;
				CLANG_ENABLE_OBJC_ARC = YES;
				CLANG_WARN_BOOL_CONVERSION = YES;
				CLANG_WARN_CONSTANT_CONVERSION = YES;
				CLANG_WARN_DIRECT_OBJC_ISA_USAGE = YES_ERROR;
				CLANG_WARN_EMPTY_BODY = YES;
				CLANG_WARN_ENUM_CONVERSION = YES;
				CLANG_WARN_INFINITE_RECURSION = YES;
				CLANG_WARN_INT_CONVERSION = YES;
				CLANG_WARN_OBJC_ROOT_CLASS = YES_ERROR;
				CLANG_WARN_SUSPICIOUS_MOVE = YES;
				CLANG_WARN_UNREACHABLE_CODE = YES;
				CLANG_WARN__DUPLICATE_METHOD_MATCH = YES;
				CODE_SIGN_IDENTITY = "-";
				COPY_PHASE_STRIP = YES;
				DEBUG_INFORMATION_FORMAT = "dwarf-with-dsym";
				ENABLE_NS_ASSERTIONS = NO;
				ENABLE_STRICT_OBJC_MSGSEND = YES;
				GCC_C_LANGUAGE_STANDARD = gnu99;
				GCC_NO_COMMON_BLOCKS = YES;
				GCC_WARN_64_TO_32_BIT_CONVERSION = YES;
				GCC_WARN_ABOUT_RETURN_TYPE = YES_ERROR;
				GCC_WARN_UNDECLARED_SELECTOR = YES;
				GCC_WARN_UNINITIALIZED_AUTOS = YES_AGGRESSIVE;
				GCC_WARN_UNUSED_FUNCTION = YES;
				GCC_WARN_UNUSED_VARIABLE = YES;
				MACOSX_DEPLOYMENT_TARGET = 10.10;
				MTL_ENABLE_DEBUG_INFO = NO;
				SDKROOT = macosx;
				SWIFT_OPTIMIZATION_LEVEL = "-Owholemodule";
			};
			name = Release;
		};
		21DE330F1A5E00D7009FB228 /* Debug */ = {
			isa = XCBuildConfiguration;
			buildSettings = {
				ASSETCATALOG_COMPILER_APPICON_NAME = AppIcon;
				CODE_SIGN_IDENTITY = "Developer ID Application";
				"CODE_SIGN_IDENTITY[sdk=macosx*]" = "";
				COMBINE_HIDPI_IMAGES = YES;
				DEVELOPMENT_TEAM = "";
				INFOPLIST_FILE = "Spotify Notifications/Info.plist";
				LD_RUNPATH_SEARCH_PATHS = "$(inherited) @executable_path/../Frameworks";
				MACOSX_DEPLOYMENT_TARGET = 10.10;
				PRODUCT_BUNDLE_IDENTIFIER = "io.citruspi.$(PRODUCT_NAME:rfc1034identifier)";
				PRODUCT_NAME = "$(TARGET_NAME)";
				PROVISIONING_PROFILE = "";
				SWIFT_VERSION = 3.0;
			};
			name = Debug;
		};
		21DE33101A5E00D7009FB228 /* Release */ = {
			isa = XCBuildConfiguration;
			buildSettings = {
				ASSETCATALOG_COMPILER_APPICON_NAME = AppIcon;
				CODE_SIGN_IDENTITY = "Developer ID Application";
				"CODE_SIGN_IDENTITY[sdk=macosx*]" = "";
				COMBINE_HIDPI_IMAGES = YES;
				DEVELOPMENT_TEAM = "";
				INFOPLIST_FILE = "Spotify Notifications/Info.plist";
				LD_RUNPATH_SEARCH_PATHS = "$(inherited) @executable_path/../Frameworks";
				MACOSX_DEPLOYMENT_TARGET = 10.10;
				PRODUCT_BUNDLE_IDENTIFIER = "io.citruspi.$(PRODUCT_NAME:rfc1034identifier)";
				PRODUCT_NAME = "$(TARGET_NAME)";
				PROVISIONING_PROFILE = "";
				SWIFT_VERSION = 3.0;
			};
			name = Release;
		};
/* End XCBuildConfiguration section */

/* Begin XCConfigurationList section */
		21DE32ED1A5E00D7009FB228 /* Build configuration list for PBXProject "Spotify Notifications" */ = {
			isa = XCConfigurationList;
			buildConfigurations = (
				21DE330C1A5E00D7009FB228 /* Debug */,
				21DE330D1A5E00D7009FB228 /* Release */,
			);
			defaultConfigurationIsVisible = 0;
			defaultConfigurationName = Release;
		};
		21DE330E1A5E00D7009FB228 /* Build configuration list for PBXNativeTarget "Spotify Notifications" */ = {
			isa = XCConfigurationList;
			buildConfigurations = (
				21DE330F1A5E00D7009FB228 /* Debug */,
				21DE33101A5E00D7009FB228 /* Release */,
			);
			defaultConfigurationIsVisible = 0;
			defaultConfigurationName = Release;
		};
/* End XCConfigurationList section */
	};
	rootObject = 21DE32EA1A5E00D7009FB228 /* Project object */;
}
