// !$*UTF8*$!
{
	archiveVersion = 1;
	classes = {
	};
	objectVersion = 46;
	objects = {

/* Begin PBXBuildFile section */
		0481818917E8626400E25950 /* status_bar_colour@2x.tiff in Resources */ = {isa = PBXBuildFile; fileRef = 0481818817E8626400E25950 /* status_bar_colour@2x.tiff */; };
		049BCBF218170F5E00743860 /* Carbon.framework in Frameworks */ = {isa = PBXBuildFile; fileRef = 049BCBF118170F5E00743860 /* Carbon.framework */; };
		049BCC0F181710CE00743860 /* MASShortcut.m in Sources */ = {isa = PBXBuildFile; fileRef = 049BCC06181710CE00743860 /* MASShortcut.m */; };
		049BCC10181710CE00743860 /* MASShortcut+Monitoring.m in Sources */ = {isa = PBXBuildFile; fileRef = 049BCC08181710CE00743860 /* MASShortcut+Monitoring.m */; };
		049BCC11181710CE00743860 /* MASShortcut+UserDefaults.m in Sources */ = {isa = PBXBuildFile; fileRef = 049BCC0A181710CE00743860 /* MASShortcut+UserDefaults.m */; };
		049BCC12181710CE00743860 /* MASShortcutView.m in Sources */ = {isa = PBXBuildFile; fileRef = 049BCC0C181710CE00743860 /* MASShortcutView.m */; };
		049BCC13181710CE00743860 /* MASShortcutView+UserDefaults.m in Sources */ = {isa = PBXBuildFile; fileRef = 049BCC0E181710CE00743860 /* MASShortcutView+UserDefaults.m */; };
		04A77BA3170FC75200A50173 /* Cocoa.framework in Frameworks */ = {isa = PBXBuildFile; fileRef = 04A77BA2170FC75200A50173 /* Cocoa.framework */; };
		04A77BAD170FC75200A50173 /* InfoPlist.strings in Resources */ = {isa = PBXBuildFile; fileRef = 04A77BAB170FC75200A50173 /* InfoPlist.strings */; };
		04A77BAF170FC75200A50173 /* main.m in Sources */ = {isa = PBXBuildFile; fileRef = 04A77BAE170FC75200A50173 /* main.m */; };
		04A77BB6170FC75200A50173 /* AppDelegate.m in Sources */ = {isa = PBXBuildFile; fileRef = 04A77BB5170FC75200A50173 /* AppDelegate.m */; };
		04A77BB9170FC75300A50173 /* MainMenu.xib in Resources */ = {isa = PBXBuildFile; fileRef = 04A77BB7170FC75300A50173 /* MainMenu.xib */; };
		04A77BC0170FC7CF00A50173 /* icon.icns in Resources */ = {isa = PBXBuildFile; fileRef = 04A77BBF170FC7CF00A50173 /* icon.icns */; };
		04A77BC317104FEE00A50173 /* status_bar_colour.tiff in Resources */ = {isa = PBXBuildFile; fileRef = 04A77BC217104FEE00A50173 /* status_bar_colour.tiff */; };
		04AC9054187234A70017E55A /* SNXTrack.m in Sources */ = {isa = PBXBuildFile; fileRef = 04AC9053187234A70017E55A /* SNXTrack.m */; };
		04C5E40718133BB000956039 /* Images.xcassets in Resources */ = {isa = PBXBuildFile; fileRef = 04C5E40618133BB000956039 /* Images.xcassets */; };
		04C5E40D1813445600956039 /* GBLaunchAtLogin.m in Sources */ = {isa = PBXBuildFile; fileRef = 04C5E40C1813445600956039 /* GBLaunchAtLogin.m */; };
		961C56761BC93CFF00E0BF5A /* UserDefaults.plist in Resources */ = {isa = PBXBuildFile; fileRef = 961C56751BC93CFF00E0BF5A /* UserDefaults.plist */; settings = {ASSET_TAGS = (); }; };
		AEAFCD771712CD1200F61F8D /* status_bar_black.tiff in Resources */ = {isa = PBXBuildFile; fileRef = AEAFCD751712CD1200F61F8D /* status_bar_black.tiff */; };
		AEAFCD7C1712D50B00F61F8D /* status_bar_black@2x.tiff in Resources */ = {isa = PBXBuildFile; fileRef = AEAFCD7B1712D50B00F61F8D /* status_bar_black@2x.tiff */; };
/* End PBXBuildFile section */

/* Begin PBXFileReference section */
		0481818817E8626400E25950 /* status_bar_colour@2x.tiff */ = {isa = PBXFileReference; lastKnownFileType = image.tiff; path = "status_bar_colour@2x.tiff"; sourceTree = "<group>"; };
		049BCBF118170F5E00743860 /* Carbon.framework */ = {isa = PBXFileReference; lastKnownFileType = wrapper.framework; name = Carbon.framework; path = System/Library/Frameworks/Carbon.framework; sourceTree = SDKROOT; };
		049BCC05181710CE00743860 /* MASShortcut.h */ = {isa = PBXFileReference; fileEncoding = 4; lastKnownFileType = sourcecode.c.h; path = MASShortcut.h; sourceTree = "<group>"; };
		049BCC06181710CE00743860 /* MASShortcut.m */ = {isa = PBXFileReference; fileEncoding = 4; lastKnownFileType = sourcecode.c.objc; path = MASShortcut.m; sourceTree = "<group>"; };
		049BCC07181710CE00743860 /* MASShortcut+Monitoring.h */ = {isa = PBXFileReference; fileEncoding = 4; lastKnownFileType = sourcecode.c.h; path = "MASShortcut+Monitoring.h"; sourceTree = "<group>"; };
		049BCC08181710CE00743860 /* MASShortcut+Monitoring.m */ = {isa = PBXFileReference; fileEncoding = 4; lastKnownFileType = sourcecode.c.objc; path = "MASShortcut+Monitoring.m"; sourceTree = "<group>"; };
		049BCC09181710CE00743860 /* MASShortcut+UserDefaults.h */ = {isa = PBXFileReference; fileEncoding = 4; lastKnownFileType = sourcecode.c.h; path = "MASShortcut+UserDefaults.h"; sourceTree = "<group>"; };
		049BCC0A181710CE00743860 /* MASShortcut+UserDefaults.m */ = {isa = PBXFileReference; fileEncoding = 4; lastKnownFileType = sourcecode.c.objc; path = "MASShortcut+UserDefaults.m"; sourceTree = "<group>"; };
		049BCC0B181710CE00743860 /* MASShortcutView.h */ = {isa = PBXFileReference; fileEncoding = 4; lastKnownFileType = sourcecode.c.h; path = MASShortcutView.h; sourceTree = "<group>"; };
		049BCC0C181710CE00743860 /* MASShortcutView.m */ = {isa = PBXFileReference; fileEncoding = 4; lastKnownFileType = sourcecode.c.objc; path = MASShortcutView.m; sourceTree = "<group>"; };
		049BCC0D181710CE00743860 /* MASShortcutView+UserDefaults.h */ = {isa = PBXFileReference; fileEncoding = 4; lastKnownFileType = sourcecode.c.h; path = "MASShortcutView+UserDefaults.h"; sourceTree = "<group>"; };
		049BCC0E181710CE00743860 /* MASShortcutView+UserDefaults.m */ = {isa = PBXFileReference; fileEncoding = 4; lastKnownFileType = sourcecode.c.objc; path = "MASShortcutView+UserDefaults.m"; sourceTree = "<group>"; };
		04A77B9F170FC75200A50173 /* Spotify Notifications.app */ = {isa = PBXFileReference; explicitFileType = wrapper.application; includeInIndex = 0; path = "Spotify Notifications.app"; sourceTree = BUILT_PRODUCTS_DIR; };
		04A77BA2170FC75200A50173 /* Cocoa.framework */ = {isa = PBXFileReference; lastKnownFileType = wrapper.framework; name = Cocoa.framework; path = System/Library/Frameworks/Cocoa.framework; sourceTree = SDKROOT; };
		04A77BA5170FC75200A50173 /* AppKit.framework */ = {isa = PBXFileReference; lastKnownFileType = wrapper.framework; name = AppKit.framework; path = System/Library/Frameworks/AppKit.framework; sourceTree = SDKROOT; };
		04A77BA6170FC75200A50173 /* CoreData.framework */ = {isa = PBXFileReference; lastKnownFileType = wrapper.framework; name = CoreData.framework; path = System/Library/Frameworks/CoreData.framework; sourceTree = SDKROOT; };
		04A77BA7170FC75200A50173 /* Foundation.framework */ = {isa = PBXFileReference; lastKnownFileType = wrapper.framework; name = Foundation.framework; path = System/Library/Frameworks/Foundation.framework; sourceTree = SDKROOT; };
		04A77BAA170FC75200A50173 /* Spotify Notifications-Info.plist */ = {isa = PBXFileReference; lastKnownFileType = text.plist.xml; path = "Spotify Notifications-Info.plist"; sourceTree = "<group>"; };
		04A77BAC170FC75200A50173 /* en */ = {isa = PBXFileReference; lastKnownFileType = text.plist.strings; name = en; path = en.lproj/InfoPlist.strings; sourceTree = "<group>"; };
		04A77BAE170FC75200A50173 /* main.m */ = {isa = PBXFileReference; lastKnownFileType = sourcecode.c.objc; path = main.m; sourceTree = "<group>"; };
		04A77BB0170FC75200A50173 /* Spotify Notifications-Prefix.pch */ = {isa = PBXFileReference; lastKnownFileType = sourcecode.c.h; path = "Spotify Notifications-Prefix.pch"; sourceTree = "<group>"; };
		04A77BB4170FC75200A50173 /* AppDelegate.h */ = {isa = PBXFileReference; lastKnownFileType = sourcecode.c.h; path = AppDelegate.h; sourceTree = "<group>"; };
		04A77BB5170FC75200A50173 /* AppDelegate.m */ = {isa = PBXFileReference; lastKnownFileType = sourcecode.c.objc; path = AppDelegate.m; sourceTree = "<group>"; };
		04A77BB8170FC75300A50173 /* en */ = {isa = PBXFileReference; lastKnownFileType = file.xib; name = en; path = en.lproj/MainMenu.xib; sourceTree = "<group>"; };
		04A77BBF170FC7CF00A50173 /* icon.icns */ = {isa = PBXFileReference; lastKnownFileType = image.icns; path = icon.icns; sourceTree = "<group>"; };
		04A77BC1170FC7E600A50173 /* Spotify Notifications.entitlements */ = {isa = PBXFileReference; lastKnownFileType = text.xml; path = "Spotify Notifications.entitlements"; sourceTree = "<group>"; };
		04A77BC217104FEE00A50173 /* status_bar_colour.tiff */ = {isa = PBXFileReference; lastKnownFileType = image.tiff; path = status_bar_colour.tiff; sourceTree = "<group>"; };
		04AC9052187234A70017E55A /* SNXTrack.h */ = {isa = PBXFileReference; fileEncoding = 4; lastKnownFileType = sourcecode.c.h; path = SNXTrack.h; sourceTree = "<group>"; };
		04AC9053187234A70017E55A /* SNXTrack.m */ = {isa = PBXFileReference; fileEncoding = 4; lastKnownFileType = sourcecode.c.objc; path = SNXTrack.m; sourceTree = "<group>"; };
		04C5E40618133BB000956039 /* Images.xcassets */ = {isa = PBXFileReference; lastKnownFileType = folder.assetcatalog; path = Images.xcassets; sourceTree = "<group>"; };
		04C5E40B1813445600956039 /* GBLaunchAtLogin.h */ = {isa = PBXFileReference; fileEncoding = 4; lastKnownFileType = sourcecode.c.h; path = GBLaunchAtLogin.h; sourceTree = "<group>"; };
		04C5E40C1813445600956039 /* GBLaunchAtLogin.m */ = {isa = PBXFileReference; fileEncoding = 4; lastKnownFileType = sourcecode.c.objc; path = GBLaunchAtLogin.m; sourceTree = "<group>"; };
		961C56751BC93CFF00E0BF5A /* UserDefaults.plist */ = {isa = PBXFileReference; fileEncoding = 4; lastKnownFileType = text.plist.xml; path = UserDefaults.plist; sourceTree = "<group>"; };
		96E3BC1E1BC91F160023C504 /* SharedKeys.h */ = {isa = PBXFileReference; fileEncoding = 4; lastKnownFileType = sourcecode.c.h; path = SharedKeys.h; sourceTree = "<group>"; };
		AEAFCD751712CD1200F61F8D /* status_bar_black.tiff */ = {isa = PBXFileReference; lastKnownFileType = image.tiff; path = status_bar_black.tiff; sourceTree = "<group>"; };
		AEAFCD7B1712D50B00F61F8D /* status_bar_black@2x.tiff */ = {isa = PBXFileReference; lastKnownFileType = image.tiff; path = "status_bar_black@2x.tiff"; sourceTree = "<group>"; };
/* End PBXFileReference section */

/* Begin PBXFrameworksBuildPhase section */
		04A77B9C170FC75200A50173 /* Frameworks */ = {
			isa = PBXFrameworksBuildPhase;
			buildActionMask = 2147483647;
			files = (
				049BCBF218170F5E00743860 /* Carbon.framework in Frameworks */,
				04A77BA3170FC75200A50173 /* Cocoa.framework in Frameworks */,
			);
			runOnlyForDeploymentPostprocessing = 0;
		};
/* End PBXFrameworksBuildPhase section */

/* Begin PBXGroup section */
		049BCBF318170F8E00743860 /* GBLaunchAtLogin */ = {
			isa = PBXGroup;
			children = (
				04C5E40B1813445600956039 /* GBLaunchAtLogin.h */,
				04C5E40C1813445600956039 /* GBLaunchAtLogin.m */,
			);
			path = GBLaunchAtLogin;
			sourceTree = "<group>";
		};
		049BCBF418170FBC00743860 /* Status Bar Images */ = {
			isa = PBXGroup;
			children = (
				AEAFCD7B1712D50B00F61F8D /* status_bar_black@2x.tiff */,
				AEAFCD751712CD1200F61F8D /* status_bar_black.tiff */,
				04A77BC217104FEE00A50173 /* status_bar_colour.tiff */,
				0481818817E8626400E25950 /* status_bar_colour@2x.tiff */,
			);
			path = "Status Bar Images";
			sourceTree = "<group>";
		};
		049BCC14181710D500743860 /* MASShortcut */ = {
			isa = PBXGroup;
			children = (
				049BCC05181710CE00743860 /* MASShortcut.h */,
				049BCC06181710CE00743860 /* MASShortcut.m */,
				049BCC07181710CE00743860 /* MASShortcut+Monitoring.h */,
				049BCC08181710CE00743860 /* MASShortcut+Monitoring.m */,
				049BCC09181710CE00743860 /* MASShortcut+UserDefaults.h */,
				049BCC0A181710CE00743860 /* MASShortcut+UserDefaults.m */,
				049BCC0B181710CE00743860 /* MASShortcutView.h */,
				049BCC0C181710CE00743860 /* MASShortcutView.m */,
				049BCC0D181710CE00743860 /* MASShortcutView+UserDefaults.h */,
				049BCC0E181710CE00743860 /* MASShortcutView+UserDefaults.m */,
			);
			path = MASShortcut;
			sourceTree = "<group>";
		};
		04A77B96170FC75200A50173 = {
			isa = PBXGroup;
			children = (
				04A77BA8170FC75200A50173 /* Spotify Notifications */,
				04A77BA1170FC75200A50173 /* Frameworks */,
				04A77BA0170FC75200A50173 /* Products */,
			);
			sourceTree = "<group>";
		};
		04A77BA0170FC75200A50173 /* Products */ = {
			isa = PBXGroup;
			children = (
				04A77B9F170FC75200A50173 /* Spotify Notifications.app */,
			);
			name = Products;
			sourceTree = "<group>";
		};
		04A77BA1170FC75200A50173 /* Frameworks */ = {
			isa = PBXGroup;
			children = (
				049BCBF118170F5E00743860 /* Carbon.framework */,
				04A77BA2170FC75200A50173 /* Cocoa.framework */,
				04A77BA4170FC75200A50173 /* Other Frameworks */,
			);
			name = Frameworks;
			sourceTree = "<group>";
		};
		04A77BA4170FC75200A50173 /* Other Frameworks */ = {
			isa = PBXGroup;
			children = (
				04A77BA5170FC75200A50173 /* AppKit.framework */,
				04A77BA6170FC75200A50173 /* CoreData.framework */,
				04A77BA7170FC75200A50173 /* Foundation.framework */,
			);
			name = "Other Frameworks";
			sourceTree = "<group>";
		};
		04A77BA8170FC75200A50173 /* Spotify Notifications */ = {
			isa = PBXGroup;
			children = (
				049BCBF318170F8E00743860 /* GBLaunchAtLogin */,
				049BCBF418170FBC00743860 /* Status Bar Images */,
				049BCC14181710D500743860 /* MASShortcut */,
				04A77BC1170FC7E600A50173 /* Spotify Notifications.entitlements */,
				96E3BC1E1BC91F160023C504 /* SharedKeys.h */,
				04A77BB4170FC75200A50173 /* AppDelegate.h */,
				04A77BB5170FC75200A50173 /* AppDelegate.m */,
				04AC9052187234A70017E55A /* SNXTrack.h */,
				04AC9053187234A70017E55A /* SNXTrack.m */,
				04A77BB7170FC75300A50173 /* MainMenu.xib */,
				04C5E40618133BB000956039 /* Images.xcassets */,
				04A77BA9170FC75200A50173 /* Supporting Files */,
			);
			path = "Spotify Notifications";
			sourceTree = "<group>";
		};
		04A77BA9170FC75200A50173 /* Supporting Files */ = {
			isa = PBXGroup;
			children = (
				961C56751BC93CFF00E0BF5A /* UserDefaults.plist */,
				04A77BBF170FC7CF00A50173 /* icon.icns */,
				04A77BAA170FC75200A50173 /* Spotify Notifications-Info.plist */,
				04A77BAB170FC75200A50173 /* InfoPlist.strings */,
				04A77BAE170FC75200A50173 /* main.m */,
				04A77BB0170FC75200A50173 /* Spotify Notifications-Prefix.pch */,
			);
			name = "Supporting Files";
			sourceTree = "<group>";
		};
/* End PBXGroup section */

/* Begin PBXNativeTarget section */
		04A77B9E170FC75200A50173 /* Spotify Notifications */ = {
			isa = PBXNativeTarget;
			buildConfigurationList = 04A77BBC170FC75300A50173 /* Build configuration list for PBXNativeTarget "Spotify Notifications" */;
			buildPhases = (
				04A77B9B170FC75200A50173 /* Sources */,
				04A77B9C170FC75200A50173 /* Frameworks */,
				04A77B9D170FC75200A50173 /* Resources */,
			);
			buildRules = (
			);
			dependencies = (
			);
			name = "Spotify Notifications";
			productName = "Spotify Notifications";
			productReference = 04A77B9F170FC75200A50173 /* Spotify Notifications.app */;
			productType = "com.apple.product-type.application";
		};
/* End PBXNativeTarget section */

/* Begin PBXProject section */
		04A77B97170FC75200A50173 /* Project object */ = {
			isa = PBXProject;
			attributes = {
				LastUpgradeCheck = 0700;
				ORGANIZATIONNAME = "Mihir Singh";
				TargetAttributes = {
					04A77B9E170FC75200A50173 = {
						DevelopmentTeam = SH52BQ2ZXA;
						SystemCapabilities = {
							com.apple.Sandbox = {
								enabled = 0;
							};
						};
					};
				};
			};
			buildConfigurationList = 04A77B9A170FC75200A50173 /* Build configuration list for PBXProject "Spotify Notifications" */;
			compatibilityVersion = "Xcode 3.2";
			developmentRegion = English;
			hasScannedForEncodings = 0;
			knownRegions = (
				en,
			);
			mainGroup = 04A77B96170FC75200A50173;
			productRefGroup = 04A77BA0170FC75200A50173 /* Products */;
			projectDirPath = "";
			projectRoot = "";
			targets = (
				04A77B9E170FC75200A50173 /* Spotify Notifications */,
			);
		};
/* End PBXProject section */

/* Begin PBXResourcesBuildPhase section */
		04A77B9D170FC75200A50173 /* Resources */ = {
			isa = PBXResourcesBuildPhase;
			buildActionMask = 2147483647;
			files = (
				04C5E40718133BB000956039 /* Images.xcassets in Resources */,
				04A77BAD170FC75200A50173 /* InfoPlist.strings in Resources */,
				04A77BB9170FC75300A50173 /* MainMenu.xib in Resources */,
				0481818917E8626400E25950 /* status_bar_colour@2x.tiff in Resources */,
				04A77BC0170FC7CF00A50173 /* icon.icns in Resources */,
				04A77BC317104FEE00A50173 /* status_bar_colour.tiff in Resources */,
				AEAFCD771712CD1200F61F8D /* status_bar_black.tiff in Resources */,
				961C56761BC93CFF00E0BF5A /* UserDefaults.plist in Resources */,
				AEAFCD7C1712D50B00F61F8D /* status_bar_black@2x.tiff in Resources */,
			);
			runOnlyForDeploymentPostprocessing = 0;
		};
/* End PBXResourcesBuildPhase section */

/* Begin PBXSourcesBuildPhase section */
		04A77B9B170FC75200A50173 /* Sources */ = {
			isa = PBXSourcesBuildPhase;
			buildActionMask = 2147483647;
			files = (
				04AC9054187234A70017E55A /* SNXTrack.m in Sources */,
				049BCC11181710CE00743860 /* MASShortcut+UserDefaults.m in Sources */,
				049BCC10181710CE00743860 /* MASShortcut+Monitoring.m in Sources */,
				04A77BAF170FC75200A50173 /* main.m in Sources */,
				049BCC13181710CE00743860 /* MASShortcutView+UserDefaults.m in Sources */,
				049BCC0F181710CE00743860 /* MASShortcut.m in Sources */,
				049BCC12181710CE00743860 /* MASShortcutView.m in Sources */,
				04A77BB6170FC75200A50173 /* AppDelegate.m in Sources */,
				04C5E40D1813445600956039 /* GBLaunchAtLogin.m in Sources */,
			);
			runOnlyForDeploymentPostprocessing = 0;
		};
/* End PBXSourcesBuildPhase section */

/* Begin PBXVariantGroup section */
		04A77BAB170FC75200A50173 /* InfoPlist.strings */ = {
			isa = PBXVariantGroup;
			children = (
				04A77BAC170FC75200A50173 /* en */,
			);
			name = InfoPlist.strings;
			sourceTree = "<group>";
		};
		04A77BB7170FC75300A50173 /* MainMenu.xib */ = {
			isa = PBXVariantGroup;
			children = (
				04A77BB8170FC75300A50173 /* en */,
			);
			name = MainMenu.xib;
			sourceTree = "<group>";
		};
/* End PBXVariantGroup section */

/* Begin XCBuildConfiguration section */
		04A77BBA170FC75300A50173 /* Debug */ = {
			isa = XCBuildConfiguration;
			buildSettings = {
				ALWAYS_SEARCH_USER_PATHS = NO;
				CLANG_CXX_LANGUAGE_STANDARD = "gnu++0x";
				CLANG_CXX_LIBRARY = "libc++";
				CLANG_ENABLE_OBJC_ARC = YES;
				CLANG_WARN_CONSTANT_CONVERSION = YES;
				CLANG_WARN_EMPTY_BODY = YES;
				CLANG_WARN_ENUM_CONVERSION = YES;
				CLANG_WARN_INT_CONVERSION = YES;
				CLANG_WARN__DUPLICATE_METHOD_MATCH = YES;
				COPY_PHASE_STRIP = NO;
				ENABLE_TESTABILITY = YES;
				GCC_C_LANGUAGE_STANDARD = gnu99;
				GCC_DYNAMIC_NO_PIC = NO;
				GCC_ENABLE_OBJC_EXCEPTIONS = YES;
				GCC_OPTIMIZATION_LEVEL = 0;
				GCC_PREPROCESSOR_DEFINITIONS = (
					"DEBUG=1",
					"$(inherited)",
				);
				GCC_SYMBOLS_PRIVATE_EXTERN = NO;
				GCC_WARN_64_TO_32_BIT_CONVERSION = YES;
				GCC_WARN_ABOUT_RETURN_TYPE = YES;
				GCC_WARN_UNINITIALIZED_AUTOS = YES;
				GCC_WARN_UNUSED_VARIABLE = YES;
				MACOSX_DEPLOYMENT_TARGET = 10.8;
				ONLY_ACTIVE_ARCH = YES;
				SDKROOT = macosx;
			};
			name = Debug;
		};
		04A77BBB170FC75300A50173 /* Release */ = {
			isa = XCBuildConfiguration;
			buildSettings = {
				ALWAYS_SEARCH_USER_PATHS = NO;
				CLANG_CXX_LANGUAGE_STANDARD = "gnu++0x";
				CLANG_CXX_LIBRARY = "libc++";
				CLANG_ENABLE_OBJC_ARC = YES;
				CLANG_WARN_CONSTANT_CONVERSION = YES;
				CLANG_WARN_EMPTY_BODY = YES;
				CLANG_WARN_ENUM_CONVERSION = YES;
				CLANG_WARN_INT_CONVERSION = YES;
				CLANG_WARN__DUPLICATE_METHOD_MATCH = YES;
				COPY_PHASE_STRIP = YES;
				DEBUG_INFORMATION_FORMAT = "dwarf-with-dsym";
				GCC_C_LANGUAGE_STANDARD = gnu99;
				GCC_ENABLE_OBJC_EXCEPTIONS = YES;
				GCC_WARN_64_TO_32_BIT_CONVERSION = YES;
				GCC_WARN_ABOUT_RETURN_TYPE = YES;
				GCC_WARN_UNINITIALIZED_AUTOS = YES;
				GCC_WARN_UNUSED_VARIABLE = YES;
				MACOSX_DEPLOYMENT_TARGET = 10.8;
				SDKROOT = macosx;
			};
			name = Release;
		};
		04A77BBD170FC75300A50173 /* Debug */ = {
			isa = XCBuildConfiguration;
			buildSettings = {
				ASSETCATALOG_COMPILER_APPICON_NAME = AppIcon;
				CODE_SIGN_IDENTITY = "Developer ID Application";
				"CODE_SIGN_IDENTITY[sdk=macosx*]" = "";
				COMBINE_HIDPI_IMAGES = YES;
				GCC_PRECOMPILE_PREFIX_HEADER = YES;
				GCC_PREFIX_HEADER = "Spotify Notifications/Spotify Notifications-Prefix.pch";
				INFOPLIST_FILE = "Spotify Notifications/Spotify Notifications-Info.plist";
				MACOSX_DEPLOYMENT_TARGET = 10.7;
				PRODUCT_BUNDLE_IDENTIFIER = "io.citruspi.${PRODUCT_NAME:rfc1034identifier}";
				PRODUCT_NAME = "$(TARGET_NAME)";
				PROVISIONING_PROFILE = "";
				WRAPPER_EXTENSION = app;
			};
			name = Debug;
		};
		04A77BBE170FC75300A50173 /* Release */ = {
			isa = XCBuildConfiguration;
			buildSettings = {
				ASSETCATALOG_COMPILER_APPICON_NAME = AppIcon;
				CODE_SIGN_IDENTITY = "Developer ID Application";
				"CODE_SIGN_IDENTITY[sdk=macosx*]" = "";
				COMBINE_HIDPI_IMAGES = YES;
				GCC_PRECOMPILE_PREFIX_HEADER = YES;
				GCC_PREFIX_HEADER = "Spotify Notifications/Spotify Notifications-Prefix.pch";
				INFOPLIST_FILE = "Spotify Notifications/Spotify Notifications-Info.plist";
				MACOSX_DEPLOYMENT_TARGET = 10.7;
				PRODUCT_BUNDLE_IDENTIFIER = "io.citruspi.${PRODUCT_NAME:rfc1034identifier}";
				PRODUCT_NAME = "$(TARGET_NAME)";
				PROVISIONING_PROFILE = "";
				WRAPPER_EXTENSION = app;
			};
			name = Release;
		};
/* End XCBuildConfiguration section */

/* Begin XCConfigurationList section */
		04A77B9A170FC75200A50173 /* Build configuration list for PBXProject "Spotify Notifications" */ = {
			isa = XCConfigurationList;
			buildConfigurations = (
				04A77BBA170FC75300A50173 /* Debug */,
				04A77BBB170FC75300A50173 /* Release */,
			);
			defaultConfigurationIsVisible = 0;
			defaultConfigurationName = Release;
		};
		04A77BBC170FC75300A50173 /* Build configuration list for PBXNativeTarget "Spotify Notifications" */ = {
			isa = XCConfigurationList;
			buildConfigurations = (
				04A77BBD170FC75300A50173 /* Debug */,
				04A77BBE170FC75300A50173 /* Release */,
			);
			defaultConfigurationIsVisible = 0;
			defaultConfigurationName = Release;
		};
/* End XCConfigurationList section */
	};
	rootObject = 04A77B97170FC75200A50173 /* Project object */;
}
